
Microsoft Visual Studio Solution File, Format Version 10.00
# Visual Studio 2008
Project("{FAE04EC0-301F-11D3-BF4B-00C04F79EFBC}") = "PagoElectronico", "PagoElectronico\PagoElectronico.csproj", "{1A425235-25E0-4A09-B3C4-84F19D9A2184}"
EndProject
Global
	GlobalSection(SolutionConfigurationPlatforms) = preSolution
		Debug|Any CPU = Debug|Any CPU
		Release|Any CPU = Release|Any CPU
	EndGlobalSection
	GlobalSection(ProjectConfigurationPlatforms) = postSolution
		{1A425235-25E0-4A09-B3C4-84F19D9A2184}.Debug|Any CPU.ActiveCfg = Debug|Any CPU
		{1A425235-25E0-4A09-B3C4-84F19D9A2184}.Debug|Any CPU.Build.0 = Debug|Any CPU
		{1A425235-25E0-4A09-B3C4-84F19D9A2184}.Release|Any CPU.ActiveCfg = Release|Any CPU
		{1A425235-25E0-4A09-B3C4-84F19D9A2184}.Release|Any CPU.Build.0 = Release|Any CPU
	EndGlobalSection
	GlobalSection(SolutionProperties) = preSolution
		HideSolutionNode = FALSE
	EndGlobalSection
EndGlobal
